
Microsoft Visual Studio Solution File, Format Version 12.00
# Visual Studio Version 16
VisualStudioVersion = 16.0.30804.86
MinimumVisualStudioVersion = 10.0.40219.1
Project("{9A19103F-16F7-4668-BE54-9A1E7A4F7556}") = "CLI", "CLI\CLI.csproj", "{3D52C3B4-2829-4DEC-A707-2802025A5821}"
EndProject
Project("{9A19103F-16F7-4668-BE54-9A1E7A4F7556}") = "Communication", "Communication\Communication.csproj", "{FCA294F4-4051-4D8B-8091-D9B414EC8837}"
EndProject
Project("{9A19103F-16F7-4668-BE54-9A1E7A4F7556}") = "RaceManagement", "RaceManagement\RaceManagement.csproj", "{DE73F6C9-CF4F-425F-904F-B0E936CFE057}"
EndProject
Project("{9A19103F-16F7-4668-BE54-9A1E7A4F7556}") = "CommProtoTesting", "CommProtoTesting\CommProtoTesting.csproj", "{D2E4D911-BE27-4E8A-9C2C-D4A7573AAEE2}"
EndProject
Project("{9A19103F-16F7-4668-BE54-9A1E7A4F7556}") = "Models", "Models\Models.csproj", "{6DBBD396-78DC-4BBC-9C78-519CCE8CD001}"
EndProject
Project("{9A19103F-16F7-4668-BE54-9A1E7A4F7556}") = "RaceManagementTests", "RaceManagementTests\RaceManagementTests.csproj", "{5C20F1F3-0EE7-4482-B463-F5EF839CAADA}"
EndProject
Project("{9A19103F-16F7-4668-BE54-9A1E7A4F7556}") = "XBeeLibraryTesting", "XBeeLibraryTesting\XBeeLibraryTesting.csproj", "{9B68C599-F25F-4415-91A2-F99D1E798C6C}"
EndProject
Project("{9A19103F-16F7-4668-BE54-9A1E7A4F7556}") = "ModelsTests", "ModelsTests\ModelsTests.csproj", "{9916D775-9C80-4C3B-AD83-B6DDE9ED7BCE}"
EndProject
Project("{9A19103F-16F7-4668-BE54-9A1E7A4F7556}") = "SensorUnits", "SensorUnits\SensorUnits.csproj", "{D4E78A0A-F862-47A3-B900-FDE908A64E74}"
EndProject
Project("{9A19103F-16F7-4668-BE54-9A1E7A4F7556}") = "DisplayUnit", "DisplayUnit\DisplayUnit.csproj", "{CF58EC13-6E80-4D7B-98BC-706DCBDE70DA}"
EndProject
Project("{9A19103F-16F7-4668-BE54-9A1E7A4F7556}") = "CLITestWithUnits", "CLITestWithUnits\CLITestWithUnits.csproj", "{26543DDE-CE42-4883-8311-791D62879F16}"
EndProject
Project("{FAE04EC0-301F-11D3-BF4B-00C04F79EFBC}") = "WebAPI", "WebAPI\WebAPI.csproj", "{9071D8A0-3C62-404A-8702-F7576655346B}"
EndProject
Global
	GlobalSection(SolutionConfigurationPlatforms) = preSolution
		Debug|Any CPU = Debug|Any CPU
		Release|Any CPU = Release|Any CPU
	EndGlobalSection
	GlobalSection(ProjectConfigurationPlatforms) = postSolution
		{3D52C3B4-2829-4DEC-A707-2802025A5821}.Debug|Any CPU.ActiveCfg = Debug|Any CPU
		{3D52C3B4-2829-4DEC-A707-2802025A5821}.Debug|Any CPU.Build.0 = Debug|Any CPU
		{3D52C3B4-2829-4DEC-A707-2802025A5821}.Release|Any CPU.ActiveCfg = Release|Any CPU
		{3D52C3B4-2829-4DEC-A707-2802025A5821}.Release|Any CPU.Build.0 = Release|Any CPU
		{FCA294F4-4051-4D8B-8091-D9B414EC8837}.Debug|Any CPU.ActiveCfg = Debug|Any CPU
		{FCA294F4-4051-4D8B-8091-D9B414EC8837}.Debug|Any CPU.Build.0 = Debug|Any CPU
		{FCA294F4-4051-4D8B-8091-D9B414EC8837}.Release|Any CPU.ActiveCfg = Release|Any CPU
		{FCA294F4-4051-4D8B-8091-D9B414EC8837}.Release|Any CPU.Build.0 = Release|Any CPU
		{DE73F6C9-CF4F-425F-904F-B0E936CFE057}.Debug|Any CPU.ActiveCfg = Debug|Any CPU
		{DE73F6C9-CF4F-425F-904F-B0E936CFE057}.Debug|Any CPU.Build.0 = Debug|Any CPU
		{DE73F6C9-CF4F-425F-904F-B0E936CFE057}.Release|Any CPU.ActiveCfg = Release|Any CPU
		{DE73F6C9-CF4F-425F-904F-B0E936CFE057}.Release|Any CPU.Build.0 = Release|Any CPU
		{D2E4D911-BE27-4E8A-9C2C-D4A7573AAEE2}.Debug|Any CPU.ActiveCfg = Debug|Any CPU
		{D2E4D911-BE27-4E8A-9C2C-D4A7573AAEE2}.Debug|Any CPU.Build.0 = Debug|Any CPU
		{D2E4D911-BE27-4E8A-9C2C-D4A7573AAEE2}.Release|Any CPU.ActiveCfg = Release|Any CPU
		{D2E4D911-BE27-4E8A-9C2C-D4A7573AAEE2}.Release|Any CPU.Build.0 = Release|Any CPU
		{6DBBD396-78DC-4BBC-9C78-519CCE8CD001}.Debug|Any CPU.ActiveCfg = Debug|Any CPU
		{6DBBD396-78DC-4BBC-9C78-519CCE8CD001}.Debug|Any CPU.Build.0 = Debug|Any CPU
		{6DBBD396-78DC-4BBC-9C78-519CCE8CD001}.Release|Any CPU.ActiveCfg = Release|Any CPU
		{6DBBD396-78DC-4BBC-9C78-519CCE8CD001}.Release|Any CPU.Build.0 = Release|Any CPU
		{5C20F1F3-0EE7-4482-B463-F5EF839CAADA}.Debug|Any CPU.ActiveCfg = Debug|Any CPU
		{5C20F1F3-0EE7-4482-B463-F5EF839CAADA}.Debug|Any CPU.Build.0 = Debug|Any CPU
		{5C20F1F3-0EE7-4482-B463-F5EF839CAADA}.Release|Any CPU.ActiveCfg = Release|Any CPU
		{5C20F1F3-0EE7-4482-B463-F5EF839CAADA}.Release|Any CPU.Build.0 = Release|Any CPU
		{9B68C599-F25F-4415-91A2-F99D1E798C6C}.Debug|Any CPU.ActiveCfg = Debug|Any CPU
		{9B68C599-F25F-4415-91A2-F99D1E798C6C}.Debug|Any CPU.Build.0 = Debug|Any CPU
		{9B68C599-F25F-4415-91A2-F99D1E798C6C}.Release|Any CPU.ActiveCfg = Release|Any CPU
		{9B68C599-F25F-4415-91A2-F99D1E798C6C}.Release|Any CPU.Build.0 = Release|Any CPU
		{9916D775-9C80-4C3B-AD83-B6DDE9ED7BCE}.Debug|Any CPU.ActiveCfg = Debug|Any CPU
		{9916D775-9C80-4C3B-AD83-B6DDE9ED7BCE}.Debug|Any CPU.Build.0 = Debug|Any CPU
		{9916D775-9C80-4C3B-AD83-B6DDE9ED7BCE}.Release|Any CPU.ActiveCfg = Release|Any CPU
		{9916D775-9C80-4C3B-AD83-B6DDE9ED7BCE}.Release|Any CPU.Build.0 = Release|Any CPU
		{D4E78A0A-F862-47A3-B900-FDE908A64E74}.Debug|Any CPU.ActiveCfg = Debug|Any CPU
		{D4E78A0A-F862-47A3-B900-FDE908A64E74}.Debug|Any CPU.Build.0 = Debug|Any CPU
		{D4E78A0A-F862-47A3-B900-FDE908A64E74}.Release|Any CPU.ActiveCfg = Release|Any CPU
		{D4E78A0A-F862-47A3-B900-FDE908A64E74}.Release|Any CPU.Build.0 = Release|Any CPU
		{CF58EC13-6E80-4D7B-98BC-706DCBDE70DA}.Debug|Any CPU.ActiveCfg = Debug|Any CPU
		{CF58EC13-6E80-4D7B-98BC-706DCBDE70DA}.Debug|Any CPU.Build.0 = Debug|Any CPU
		{CF58EC13-6E80-4D7B-98BC-706DCBDE70DA}.Release|Any CPU.ActiveCfg = Release|Any CPU
		{CF58EC13-6E80-4D7B-98BC-706DCBDE70DA}.Release|Any CPU.Build.0 = Release|Any CPU
		{26543DDE-CE42-4883-8311-791D62879F16}.Debug|Any CPU.ActiveCfg = Debug|Any CPU
		{26543DDE-CE42-4883-8311-791D62879F16}.Debug|Any CPU.Build.0 = Debug|Any CPU
		{26543DDE-CE42-4883-8311-791D62879F16}.Release|Any CPU.ActiveCfg = Release|Any CPU
		{26543DDE-CE42-4883-8311-791D62879F16}.Release|Any CPU.Build.0 = Release|Any CPU
		{9071D8A0-3C62-404A-8702-F7576655346B}.Debug|Any CPU.ActiveCfg = Debug|Any CPU
		{9071D8A0-3C62-404A-8702-F7576655346B}.Debug|Any CPU.Build.0 = Debug|Any CPU
		{9071D8A0-3C62-404A-8702-F7576655346B}.Release|Any CPU.ActiveCfg = Release|Any CPU
		{9071D8A0-3C62-404A-8702-F7576655346B}.Release|Any CPU.Build.0 = Release|Any CPU
	EndGlobalSection
	GlobalSection(SolutionProperties) = preSolution
		HideSolutionNode = FALSE
	EndGlobalSection
	GlobalSection(ExtensibilityGlobals) = postSolution
		SolutionGuid = {C2C35C58-8499-4927-8B09-52DF4A2359B8}
	EndGlobalSection
EndGlobal
